# This file is automatically @generated by Cargo.
# It is not intended for manual editing.
version = 4

[[package]]
name = "const-str"
version = "0.7.1"
source = "registry+https://github.com/rust-lang/crates.io-index"
checksum = "b0664d2867b4a32697dfe655557f5c3b187e9b605b38612a748e5ec99811d160"

[[package]]
name = "const_panic"
version = "0.2.15"
source = "registry+https://github.com/rust-lang/crates.io-index"
checksum = "e262cdaac42494e3ae34c43969f9cdeb7da178bdb4b66fa6a1ea2edb4c8ae652"
dependencies = [
 "typewit",
]

[[package]]
name = "enumwow_helpers"
version = "0.1.0"

[[package]]
name = "konst"
version = "0.4.3"
source = "registry+https://github.com/rust-lang/crates.io-index"
checksum = "f660d5f887e3562f9ab6f4a14988795b694099d66b4f5dedc02d197ba9becb1d"
dependencies = [
 "const_panic",
 "konst_proc_macros",
 "typewit",
]

[[package]]
name = "konst_proc_macros"
version = "0.4.1"
source = "registry+https://github.com/rust-lang/crates.io-index"
checksum = "e037a2e1d8d5fdbd49b16a4ea09d5d6401c1f29eca5ff29d03d3824dba16256a"

[[package]]
name = "typewit"
version = "1.14.2"
source = "registry+https://github.com/rust-lang/crates.io-index"
checksum = "f8c1ae7cc0fdb8b842d65d127cb981574b0d2b249b74d1c7a2986863dc134f71"

[[package]]
name = "zenum"
version = "0.0.0-reserved"
dependencies = [
 "const-str",
 "enumwow_helpers",
 "konst",
]
